
Microsoft Visual Studio Solution File, Format Version 12.00
# Visual Studio Version 16
VisualStudioVersion = 16.0.31829.152
MinimumVisualStudioVersion = 10.0.40219.1
Project("{FAE04EC0-301F-11D3-BF4B-00C04F79EFBC}") = "SimplifiedDataTableServersideProcessingNET", "SimplifiedDataTableServersideProcessingNET\SimplifiedDataTableServersideProcessingNET.csproj", "{6C8EB3FF-DB3C-4BDE-BB91-CCB45810E9E1}"
EndProject
Project("{FAE04EC0-301F-11D3-BF4B-00C04F79EFBC}") = "PerformanceTesterApp", "PerformanceTesterApp\PerformanceTesterApp.csproj", "{39FFFD86-67EE-4D34-82EF-F3935B579324}"
EndProject
Global
	GlobalSection(SolutionConfigurationPlatforms) = preSolution
		Debug|Any CPU = Debug|Any CPU
		Release|Any CPU = Release|Any CPU
	EndGlobalSection
	GlobalSection(ProjectConfigurationPlatforms) = postSolution
		{6C8EB3FF-DB3C-4BDE-BB91-CCB45810E9E1}.Debug|Any CPU.ActiveCfg = Debug|Any CPU
		{6C8EB3FF-DB3C-4BDE-BB91-CCB45810E9E1}.Debug|Any CPU.Build.0 = Debug|Any CPU
		{6C8EB3FF-DB3C-4BDE-BB91-CCB45810E9E1}.Release|Any CPU.ActiveCfg = Release|Any CPU
		{6C8EB3FF-DB3C-4BDE-BB91-CCB45810E9E1}.Release|Any CPU.Build.0 = Release|Any CPU
		{39FFFD86-67EE-4D34-82EF-F3935B579324}.Debug|Any CPU.ActiveCfg = Debug|Any CPU
		{39FFFD86-67EE-4D34-82EF-F3935B579324}.Debug|Any CPU.Build.0 = Debug|Any CPU
		{39FFFD86-67EE-4D34-82EF-F3935B579324}.Release|Any CPU.ActiveCfg = Release|Any CPU
		{39FFFD86-67EE-4D34-82EF-F3935B579324}.Release|Any CPU.Build.0 = Release|Any CPU
	EndGlobalSection
	GlobalSection(SolutionProperties) = preSolution
		HideSolutionNode = FALSE
	EndGlobalSection
	GlobalSection(ExtensibilityGlobals) = postSolution
		SolutionGuid = {EC5E2F7C-D94D-48DE-95AA-F172365B2418}
	EndGlobalSection
EndGlobal
